// !$*UTF8*$!
{
	archiveVersion = 1;
	classes = {
	};
	objectVersion = 56;
	objects = {

/* Begin PBXBuildFile section */
		CA08C0BB28FEDC5B00B002C6 /* AppDelegate.swift in Sources */ = {isa = PBXBuildFile; fileRef = CA08C0BA28FEDC5B00B002C6 /* AppDelegate.swift */; };
		CA08C0BD28FEDC5B00B002C6 /* SceneDelegate.swift in Sources */ = {isa = PBXBuildFile; fileRef = CA08C0BC28FEDC5B00B002C6 /* SceneDelegate.swift */; };
		CA08C0BF28FEDC5B00B002C6 /* PaintingViewController.swift in Sources */ = {isa = PBXBuildFile; fileRef = CA08C0BE28FEDC5B00B002C6 /* PaintingViewController.swift */; };
		CA08C0C228FEDC5B00B002C6 /* Main.storyboard in Resources */ = {isa = PBXBuildFile; fileRef = CA08C0C028FEDC5B00B002C6 /* Main.storyboard */; };
		CA08C0C428FEDC5D00B002C6 /* Assets.xcassets in Resources */ = {isa = PBXBuildFile; fileRef = CA08C0C328FEDC5D00B002C6 /* Assets.xcassets */; };
		CA08C0C728FEDC5D00B002C6 /* LaunchScreen.storyboard in Resources */ = {isa = PBXBuildFile; fileRef = CA08C0C528FEDC5D00B002C6 /* LaunchScreen.storyboard */; };
		CA08C0D228FEDC5D00B002C6 /* MonalisaStoryboardTests.swift in Sources */ = {isa = PBXBuildFile; fileRef = CA08C0D128FEDC5D00B002C6 /* MonalisaStoryboardTests.swift */; };
		CA08C0DC28FEDC5D00B002C6 /* MonalisaStoryboardUITests.swift in Sources */ = {isa = PBXBuildFile; fileRef = CA08C0DB28FEDC5D00B002C6 /* MonalisaStoryboardUITests.swift */; };
		CA08C0DE28FEDC5D00B002C6 /* MonalisaStoryboardUITestsLaunchTests.swift in Sources */ = {isa = PBXBuildFile; fileRef = CA08C0DD28FEDC5D00B002C6 /* MonalisaStoryboardUITestsLaunchTests.swift */; };
		CA08C0EB28FEE18100B002C6 /* PaintingView.swift in Sources */ = {isa = PBXBuildFile; fileRef = CA08C0EA28FEE18100B002C6 /* PaintingView.swift */; };
		CA47B0F829017FD6003CC0CC /* ViewCodeProtocol.swift in Sources */ = {isa = PBXBuildFile; fileRef = CA47B0F729017FD6003CC0CC /* ViewCodeProtocol.swift */; };
		CAFCC42B290817B7005A1424 /* ColorViewController.swift in Sources */ = {isa = PBXBuildFile; fileRef = CAFCC42A290817B7005A1424 /* ColorViewController.swift */; };
		CAFCC42D29081B32005A1424 /* UIColor+Extensions.swift in Sources */ = {isa = PBXBuildFile; fileRef = CAFCC42C29081B32005A1424 /* UIColor+Extensions.swift */; };
/* End PBXBuildFile section */

/* Begin PBXContainerItemProxy section */
		CA08C0CE28FEDC5D00B002C6 /* PBXContainerItemProxy */ = {
			isa = PBXContainerItemProxy;
			containerPortal = CA08C0AF28FEDC5B00B002C6 /* Project object */;
			proxyType = 1;
			remoteGlobalIDString = CA08C0B628FEDC5B00B002C6;
			remoteInfo = MonalisaStoryboard;
		};
		CA08C0D828FEDC5D00B002C6 /* PBXContainerItemProxy */ = {
			isa = PBXContainerItemProxy;
			containerPortal = CA08C0AF28FEDC5B00B002C6 /* Project object */;
			proxyType = 1;
			remoteGlobalIDString = CA08C0B628FEDC5B00B002C6;
			remoteInfo = MonalisaStoryboard;
		};
/* End PBXContainerItemProxy section */

/* Begin PBXFileReference section */
		CA08C0B728FEDC5B00B002C6 /* MonalisaStoryboard.app */ = {isa = PBXFileReference; explicitFileType = wrapper.application; includeInIndex = 0; path = MonalisaStoryboard.app; sourceTree = BUILT_PRODUCTS_DIR; };
		CA08C0BA28FEDC5B00B002C6 /* AppDelegate.swift */ = {isa = PBXFileReference; lastKnownFileType = sourcecode.swift; path = AppDelegate.swift; sourceTree = "<group>"; };
		CA08C0BC28FEDC5B00B002C6 /* SceneDelegate.swift */ = {isa = PBXFileReference; lastKnownFileType = sourcecode.swift; path = SceneDelegate.swift; sourceTree = "<group>"; };
		CA08C0BE28FEDC5B00B002C6 /* PaintingViewController.swift */ = {isa = PBXFileReference; lastKnownFileType = sourcecode.swift; path = PaintingViewController.swift; sourceTree = "<group>"; };
		CA08C0C128FEDC5B00B002C6 /* Base */ = {isa = PBXFileReference; lastKnownFileType = file.storyboard; name = Base; path = Base.lproj/Main.storyboard; sourceTree = "<group>"; };
		CA08C0C328FEDC5D00B002C6 /* Assets.xcassets */ = {isa = PBXFileReference; lastKnownFileType = folder.assetcatalog; path = Assets.xcassets; sourceTree = "<group>"; };
		CA08C0C628FEDC5D00B002C6 /* Base */ = {isa = PBXFileReference; lastKnownFileType = file.storyboard; name = Base; path = Base.lproj/LaunchScreen.storyboard; sourceTree = "<group>"; };
		CA08C0C828FEDC5D00B002C6 /* Info.plist */ = {isa = PBXFileReference; lastKnownFileType = text.plist.xml; path = Info.plist; sourceTree = "<group>"; };
		CA08C0CD28FEDC5D00B002C6 /* MonalisaStoryboardTests.xctest */ = {isa = PBXFileReference; explicitFileType = wrapper.cfbundle; includeInIndex = 0; path = MonalisaStoryboardTests.xctest; sourceTree = BUILT_PRODUCTS_DIR; };
		CA08C0D128FEDC5D00B002C6 /* MonalisaStoryboardTests.swift */ = {isa = PBXFileReference; lastKnownFileType = sourcecode.swift; path = MonalisaStoryboardTests.swift; sourceTree = "<group>"; };
		CA08C0D728FEDC5D00B002C6 /* MonalisaStoryboardUITests.xctest */ = {isa = PBXFileReference; explicitFileType = wrapper.cfbundle; includeInIndex = 0; path = MonalisaStoryboardUITests.xctest; sourceTree = BUILT_PRODUCTS_DIR; };
		CA08C0DB28FEDC5D00B002C6 /* MonalisaStoryboardUITests.swift */ = {isa = PBXFileReference; lastKnownFileType = sourcecode.swift; path = MonalisaStoryboardUITests.swift; sourceTree = "<group>"; };
		CA08C0DD28FEDC5D00B002C6 /* MonalisaStoryboardUITestsLaunchTests.swift */ = {isa = PBXFileReference; lastKnownFileType = sourcecode.swift; path = MonalisaStoryboardUITestsLaunchTests.swift; sourceTree = "<group>"; };
		CA08C0EA28FEE18100B002C6 /* PaintingView.swift */ = {isa = PBXFileReference; lastKnownFileType = sourcecode.swift; path = PaintingView.swift; sourceTree = "<group>"; };
		CA47B0F729017FD6003CC0CC /* ViewCodeProtocol.swift */ = {isa = PBXFileReference; lastKnownFileType = sourcecode.swift; path = ViewCodeProtocol.swift; sourceTree = "<group>"; };
		CAFCC42A290817B7005A1424 /* ColorViewController.swift */ = {isa = PBXFileReference; lastKnownFileType = sourcecode.swift; path = ColorViewController.swift; sourceTree = "<group>"; };
		CAFCC42C29081B32005A1424 /* UIColor+Extensions.swift */ = {isa = PBXFileReference; lastKnownFileType = sourcecode.swift; path = "UIColor+Extensions.swift"; sourceTree = "<group>"; };
/* End PBXFileReference section */

/* Begin PBXFrameworksBuildPhase section */
		CA08C0B428FEDC5B00B002C6 /* Frameworks */ = {
			isa = PBXFrameworksBuildPhase;
			buildActionMask = 2147483647;
			files = (
			);
			runOnlyForDeploymentPostprocessing = 0;
		};
		CA08C0CA28FEDC5D00B002C6 /* Frameworks */ = {
			isa = PBXFrameworksBuildPhase;
			buildActionMask = 2147483647;
			files = (
			);
			runOnlyForDeploymentPostprocessing = 0;
		};
		CA08C0D428FEDC5D00B002C6 /* Frameworks */ = {
			isa = PBXFrameworksBuildPhase;
			buildActionMask = 2147483647;
			files = (
			);
			runOnlyForDeploymentPostprocessing = 0;
		};
/* End PBXFrameworksBuildPhase section */

/* Begin PBXGroup section */
		CA08C0AE28FEDC5B00B002C6 = {
			isa = PBXGroup;
			children = (
				CA08C0B928FEDC5B00B002C6 /* MonalisaStoryboard */,
				CA08C0D028FEDC5D00B002C6 /* MonalisaStoryboardTests */,
				CA08C0DA28FEDC5D00B002C6 /* MonalisaStoryboardUITests */,
				CA08C0B828FEDC5B00B002C6 /* Products */,
			);
			sourceTree = "<group>";
		};
		CA08C0B828FEDC5B00B002C6 /* Products */ = {
			isa = PBXGroup;
			children = (
				CA08C0B728FEDC5B00B002C6 /* MonalisaStoryboard.app */,
				CA08C0CD28FEDC5D00B002C6 /* MonalisaStoryboardTests.xctest */,
				CA08C0D728FEDC5D00B002C6 /* MonalisaStoryboardUITests.xctest */,
			);
			name = Products;
			sourceTree = "<group>";
		};
		CA08C0B928FEDC5B00B002C6 /* MonalisaStoryboard */ = {
			isa = PBXGroup;
			children = (
				CAFCC42929081787005A1424 /* Utils */,
				CAFCC42729081745005A1424 /* Application */,
				CAFCC42F29081BC2005A1424 /* Scenes */,
				CA08C0C028FEDC5B00B002C6 /* Main.storyboard */,
				CA08C0C328FEDC5D00B002C6 /* Assets.xcassets */,
				CA08C0C528FEDC5D00B002C6 /* LaunchScreen.storyboard */,
				CA08C0C828FEDC5D00B002C6 /* Info.plist */,
			);
			path = MonalisaStoryboard;
			sourceTree = "<group>";
		};
		CA08C0D028FEDC5D00B002C6 /* MonalisaStoryboardTests */ = {
			isa = PBXGroup;
			children = (
				CA08C0D128FEDC5D00B002C6 /* MonalisaStoryboardTests.swift */,
			);
			path = MonalisaStoryboardTests;
			sourceTree = "<group>";
		};
		CA08C0DA28FEDC5D00B002C6 /* MonalisaStoryboardUITests */ = {
			isa = PBXGroup;
			children = (
				CA08C0DB28FEDC5D00B002C6 /* MonalisaStoryboardUITests.swift */,
				CA08C0DD28FEDC5D00B002C6 /* MonalisaStoryboardUITestsLaunchTests.swift */,
			);
			path = MonalisaStoryboardUITests;
			sourceTree = "<group>";
		};
		CAFCC42729081745005A1424 /* Application */ = {
			isa = PBXGroup;
			children = (
				CA08C0BA28FEDC5B00B002C6 /* AppDelegate.swift */,
				CA08C0BC28FEDC5B00B002C6 /* SceneDelegate.swift */,
			);
			path = Application;
			sourceTree = "<group>";
		};
		CAFCC4282908175E005A1424 /* Scene1Painting */ = {
			isa = PBXGroup;
			children = (
				CA08C0BE28FEDC5B00B002C6 /* PaintingViewController.swift */,
				CA08C0EA28FEE18100B002C6 /* PaintingView.swift */,
			);
			path = Scene1Painting;
			sourceTree = "<group>";
		};
		CAFCC42929081787005A1424 /* Utils */ = {
			isa = PBXGroup;
			children = (
				CA47B0F729017FD6003CC0CC /* ViewCodeProtocol.swift */,
				CAFCC42C29081B32005A1424 /* UIColor+Extensions.swift */,
			);
			path = Utils;
			sourceTree = "<group>";
		};
		CAFCC42E29081BB2005A1424 /* Scene2Color */ = {
			isa = PBXGroup;
			children = (
				CAFCC42A290817B7005A1424 /* ColorViewController.swift */,
			);
			path = Scene2Color;
			sourceTree = "<group>";
		};
		CAFCC42F29081BC2005A1424 /* Scenes */ = {
			isa = PBXGroup;
			children = (
				CAFCC4282908175E005A1424 /* Scene1Painting */,
				CAFCC42E29081BB2005A1424 /* Scene2Color */,
			);
			path = Scenes;
			sourceTree = "<group>";
		};
/* End PBXGroup section */

/* Begin PBXNativeTarget section */
		CA08C0B628FEDC5B00B002C6 /* MonalisaStoryboard */ = {
			isa = PBXNativeTarget;
			buildConfigurationList = CA08C0E128FEDC5D00B002C6 /* Build configuration list for PBXNativeTarget "MonalisaStoryboard" */;
			buildPhases = (
				CA08C0B328FEDC5B00B002C6 /* Sources */,
				CA08C0B428FEDC5B00B002C6 /* Frameworks */,
				CA08C0B528FEDC5B00B002C6 /* Resources */,
			);
			buildRules = (
			);
			dependencies = (
			);
			name = MonalisaStoryboard;
			productName = MonalisaStoryboard;
			productReference = CA08C0B728FEDC5B00B002C6 /* MonalisaStoryboard.app */;
			productType = "com.apple.product-type.application";
		};
		CA08C0CC28FEDC5D00B002C6 /* MonalisaStoryboardTests */ = {
			isa = PBXNativeTarget;
			buildConfigurationList = CA08C0E428FEDC5D00B002C6 /* Build configuration list for PBXNativeTarget "MonalisaStoryboardTests" */;
			buildPhases = (
				CA08C0C928FEDC5D00B002C6 /* Sources */,
				CA08C0CA28FEDC5D00B002C6 /* Frameworks */,
				CA08C0CB28FEDC5D00B002C6 /* Resources */,
			);
			buildRules = (
			);
			dependencies = (
				CA08C0CF28FEDC5D00B002C6 /* PBXTargetDependency */,
			);
			name = MonalisaStoryboardTests;
			productName = MonalisaStoryboardTests;
			productReference = CA08C0CD28FEDC5D00B002C6 /* MonalisaStoryboardTests.xctest */;
			productType = "com.apple.product-type.bundle.unit-test";
		};
		CA08C0D628FEDC5D00B002C6 /* MonalisaStoryboardUITests */ = {
			isa = PBXNativeTarget;
			buildConfigurationList = CA08C0E728FEDC5D00B002C6 /* Build configuration list for PBXNativeTarget "MonalisaStoryboardUITests" */;
			buildPhases = (
				CA08C0D328FEDC5D00B002C6 /* Sources */,
				CA08C0D428FEDC5D00B002C6 /* Frameworks */,
				CA08C0D528FEDC5D00B002C6 /* Resources */,
			);
			buildRules = (
			);
			dependencies = (
				CA08C0D928FEDC5D00B002C6 /* PBXTargetDependency */,
			);
			name = MonalisaStoryboardUITests;
			productName = MonalisaStoryboardUITests;
			productReference = CA08C0D728FEDC5D00B002C6 /* MonalisaStoryboardUITests.xctest */;
			productType = "com.apple.product-type.bundle.ui-testing";
		};
/* End PBXNativeTarget section */

/* Begin PBXProject section */
		CA08C0AF28FEDC5B00B002C6 /* Project object */ = {
			isa = PBXProject;
			attributes = {
				BuildIndependentTargetsInParallel = 1;
				LastSwiftUpdateCheck = 1400;
				LastUpgradeCheck = 1400;
				TargetAttributes = {
					CA08C0B628FEDC5B00B002C6 = {
						CreatedOnToolsVersion = 14.0.1;
					};
					CA08C0CC28FEDC5D00B002C6 = {
						CreatedOnToolsVersion = 14.0.1;
						TestTargetID = CA08C0B628FEDC5B00B002C6;
					};
					CA08C0D628FEDC5D00B002C6 = {
						CreatedOnToolsVersion = 14.0.1;
						TestTargetID = CA08C0B628FEDC5B00B002C6;
					};
				};
			};
			buildConfigurationList = CA08C0B228FEDC5B00B002C6 /* Build configuration list for PBXProject "MonalisaStoryboard" */;
			compatibilityVersion = "Xcode 14.0";
			developmentRegion = en;
			hasScannedForEncodings = 0;
			knownRegions = (
				en,
				Base,
			);
			mainGroup = CA08C0AE28FEDC5B00B002C6;
			productRefGroup = CA08C0B828FEDC5B00B002C6 /* Products */;
			projectDirPath = "";
			projectRoot = "";
			targets = (
				CA08C0B628FEDC5B00B002C6 /* MonalisaStoryboard */,
				CA08C0CC28FEDC5D00B002C6 /* MonalisaStoryboardTests */,
				CA08C0D628FEDC5D00B002C6 /* MonalisaStoryboardUITests */,
			);
		};
/* End PBXProject section */

/* Begin PBXResourcesBuildPhase section */
		CA08C0B528FEDC5B00B002C6 /* Resources */ = {
			isa = PBXResourcesBuildPhase;
			buildActionMask = 2147483647;
			files = (
				CA08C0C728FEDC5D00B002C6 /* LaunchScreen.storyboard in Resources */,
				CA08C0C428FEDC5D00B002C6 /* Assets.xcassets in Resources */,
				CA08C0C228FEDC5B00B002C6 /* Main.storyboard in Resources */,
			);
			runOnlyForDeploymentPostprocessing = 0;
		};
		CA08C0CB28FEDC5D00B002C6 /* Resources */ = {
			isa = PBXResourcesBuildPhase;
			buildActionMask = 2147483647;
			files = (
			);
			runOnlyForDeploymentPostprocessing = 0;
		};
		CA08C0D528FEDC5D00B002C6 /* Resources */ = {
			isa = PBXResourcesBuildPhase;
			buildActionMask = 2147483647;
			files = (
			);
			runOnlyForDeploymentPostprocessing = 0;
		};
/* End PBXResourcesBuildPhase section */

/* Begin PBXSourcesBuildPhase section */
		CA08C0B328FEDC5B00B002C6 /* Sources */ = {
			isa = PBXSourcesBuildPhase;
			buildActionMask = 2147483647;
			files = (
				CA08C0BF28FEDC5B00B002C6 /* PaintingViewController.swift in Sources */,
				CA08C0BB28FEDC5B00B002C6 /* AppDelegate.swift in Sources */,
				CA47B0F829017FD6003CC0CC /* ViewCodeProtocol.swift in Sources */,
				CA08C0EB28FEE18100B002C6 /* PaintingView.swift in Sources */,
				CAFCC42D29081B32005A1424 /* UIColor+Extensions.swift in Sources */,
				CAFCC42B290817B7005A1424 /* ColorViewController.swift in Sources */,
				CA08C0BD28FEDC5B00B002C6 /* SceneDelegate.swift in Sources */,
			);
			runOnlyForDeploymentPostprocessing = 0;
		};
		CA08C0C928FEDC5D00B002C6 /* Sources */ = {
			isa = PBXSourcesBuildPhase;
			buildActionMask = 2147483647;
			files = (
				CA08C0D228FEDC5D00B002C6 /* MonalisaStoryboardTests.swift in Sources */,
			);
			runOnlyForDeploymentPostprocessing = 0;
		};
		CA08C0D328FEDC5D00B002C6 /* Sources */ = {
			isa = PBXSourcesBuildPhase;
			buildActionMask = 2147483647;
			files = (
				CA08C0DC28FEDC5D00B002C6 /* MonalisaStoryboardUITests.swift in Sources */,
				CA08C0DE28FEDC5D00B002C6 /* MonalisaStoryboardUITestsLaunchTests.swift in Sources */,
			);
			runOnlyForDeploymentPostprocessing = 0;
		};
/* End PBXSourcesBuildPhase section */

/* Begin PBXTargetDependency section */
		CA08C0CF28FEDC5D00B002C6 /* PBXTargetDependency */ = {
			isa = PBXTargetDependency;
			target = CA08C0B628FEDC5B00B002C6 /* MonalisaStoryboard */;
			targetProxy = CA08C0CE28FEDC5D00B002C6 /* PBXContainerItemProxy */;
		};
		CA08C0D928FEDC5D00B002C6 /* PBXTargetDependency */ = {
			isa = PBXTargetDependency;
			target = CA08C0B628FEDC5B00B002C6 /* MonalisaStoryboard */;
			targetProxy = CA08C0D828FEDC5D00B002C6 /* PBXContainerItemProxy */;
		};
/* End PBXTargetDependency section */

/* Begin PBXVariantGroup section */
		CA08C0C028FEDC5B00B002C6 /* Main.storyboard */ = {
			isa = PBXVariantGroup;
			children = (
				CA08C0C128FEDC5B00B002C6 /* Base */,
			);
			name = Main.storyboard;
			sourceTree = "<group>";
		};
		CA08C0C528FEDC5D00B002C6 /* LaunchScreen.storyboard */ = {
			isa = PBXVariantGroup;
			children = (
				CA08C0C628FEDC5D00B002C6 /* Base */,
			);
			name = LaunchScreen.storyboard;
			sourceTree = "<group>";
		};
/* End PBXVariantGroup section */

/* Begin XCBuildConfiguration section */
		CA08C0DF28FEDC5D00B002C6 /* Debug */ = {
			isa = XCBuildConfiguration;
			buildSettings = {
				ALWAYS_SEARCH_USER_PATHS = NO;
				CLANG_ANALYZER_NONNULL = YES;
				CLANG_ANALYZER_NUMBER_OBJECT_CONVERSION = YES_AGGRESSIVE;
				CLANG_CXX_LANGUAGE_STANDARD = "gnu++20";
				CLANG_ENABLE_MODULES = YES;
				CLANG_ENABLE_OBJC_ARC = YES;
				CLANG_ENABLE_OBJC_WEAK = YES;
				CLANG_WARN_BLOCK_CAPTURE_AUTORELEASING = YES;
				CLANG_WARN_BOOL_CONVERSION = YES;
				CLANG_WARN_COMMA = YES;
				CLANG_WARN_CONSTANT_CONVERSION = YES;
				CLANG_WARN_DEPRECATED_OBJC_IMPLEMENTATIONS = YES;
				CLANG_WARN_DIRECT_OBJC_ISA_USAGE = YES_ERROR;
				CLANG_WARN_DOCUMENTATION_COMMENTS = YES;
				CLANG_WARN_EMPTY_BODY = YES;
				CLANG_WARN_ENUM_CONVERSION = YES;
				CLANG_WARN_INFINITE_RECURSION = YES;
				CLANG_WARN_INT_CONVERSION = YES;
				CLANG_WARN_NON_LITERAL_NULL_CONVERSION = YES;
				CLANG_WARN_OBJC_IMPLICIT_RETAIN_SELF = YES;
				CLANG_WARN_OBJC_LITERAL_CONVERSION = YES;
				CLANG_WARN_OBJC_ROOT_CLASS = YES_ERROR;
				CLANG_WARN_QUOTED_INCLUDE_IN_FRAMEWORK_HEADER = YES;
				CLANG_WARN_RANGE_LOOP_ANALYSIS = YES;
				CLANG_WARN_STRICT_PROTOTYPES = YES;
				CLANG_WARN_SUSPICIOUS_MOVE = YES;
				CLANG_WARN_UNGUARDED_AVAILABILITY = YES_AGGRESSIVE;
				CLANG_WARN_UNREACHABLE_CODE = YES;
				CLANG_WARN__DUPLICATE_METHOD_MATCH = YES;
				COPY_PHASE_STRIP = NO;
				DEBUG_INFORMATION_FORMAT = dwarf;
				ENABLE_STRICT_OBJC_MSGSEND = YES;
				ENABLE_TESTABILITY = YES;
				GCC_C_LANGUAGE_STANDARD = gnu11;
				GCC_DYNAMIC_NO_PIC = NO;
				GCC_NO_COMMON_BLOCKS = YES;
				GCC_OPTIMIZATION_LEVEL = 0;
				GCC_PREPROCESSOR_DEFINITIONS = (
					"DEBUG=1",
					"$(inherited)",
				);
				GCC_WARN_64_TO_32_BIT_CONVERSION = YES;
				GCC_WARN_ABOUT_RETURN_TYPE = YES_ERROR;
				GCC_WARN_UNDECLARED_SELECTOR = YES;
				GCC_WARN_UNINITIALIZED_AUTOS = YES_AGGRESSIVE;
				GCC_WARN_UNUSED_FUNCTION = YES;
				GCC_WARN_UNUSED_VARIABLE = YES;
				IPHONEOS_DEPLOYMENT_TARGET = 16.0;
				MTL_ENABLE_DEBUG_INFO = INCLUDE_SOURCE;
				MTL_FAST_MATH = YES;
				ONLY_ACTIVE_ARCH = YES;
				SDKROOT = iphoneos;
				SWIFT_ACTIVE_COMPILATION_CONDITIONS = DEBUG;
				SWIFT_OPTIMIZATION_LEVEL = "-Onone";
			};
			name = Debug;
		};
		CA08C0E028FEDC5D00B002C6 /* Release */ = {
			isa = XCBuildConfiguration;
			buildSettings = {
				ALWAYS_SEARCH_USER_PATHS = NO;
				CLANG_ANALYZER_NONNULL = YES;
				CLANG_ANALYZER_NUMBER_OBJECT_CONVERSION = YES_AGGRESSIVE;
				CLANG_CXX_LANGUAGE_STANDARD = "gnu++20";
				CLANG_ENABLE_MODULES = YES;
				CLANG_ENABLE_OBJC_ARC = YES;
				CLANG_ENABLE_OBJC_WEAK = YES;
				CLANG_WARN_BLOCK_CAPTURE_AUTORELEASING = YES;
				CLANG_WARN_BOOL_CONVERSION = YES;
				CLANG_WARN_COMMA = YES;
				CLANG_WARN_CONSTANT_CONVERSION = YES;
				CLANG_WARN_DEPRECATED_OBJC_IMPLEMENTATIONS = YES;
				CLANG_WARN_DIRECT_OBJC_ISA_USAGE = YES_ERROR;
				CLANG_WARN_DOCUMENTATION_COMMENTS = YES;
				CLANG_WARN_EMPTY_BODY = YES;
				CLANG_WARN_ENUM_CONVERSION = YES;
				CLANG_WARN_INFINITE_RECURSION = YES;
				CLANG_WARN_INT_CONVERSION = YES;
				CLANG_WARN_NON_LITERAL_NULL_CONVERSION = YES;
				CLANG_WARN_OBJC_IMPLICIT_RETAIN_SELF = YES;
				CLANG_WARN_OBJC_LITERAL_CONVERSION = YES;
				CLANG_WARN_OBJC_ROOT_CLASS = YES_ERROR;
				CLANG_WARN_QUOTED_INCLUDE_IN_FRAMEWORK_HEADER = YES;
				CLANG_WARN_RANGE_LOOP_ANALYSIS = YES;
				CLANG_WARN_STRICT_PROTOTYPES = YES;
				CLANG_WARN_SUSPICIOUS_MOVE = YES;
				CLANG_WARN_UNGUARDED_AVAILABILITY = YES_AGGRESSIVE;
				CLANG_WARN_UNREACHABLE_CODE = YES;
				CLANG_WARN__DUPLICATE_METHOD_MATCH = YES;
				COPY_PHASE_STRIP = NO;
				DEBUG_INFORMATION_FORMAT = "dwarf-with-dsym";
				ENABLE_NS_ASSERTIONS = NO;
				ENABLE_STRICT_OBJC_MSGSEND = YES;
				GCC_C_LANGUAGE_STANDARD = gnu11;
				GCC_NO_COMMON_BLOCKS = YES;
				GCC_WARN_64_TO_32_BIT_CONVERSION = YES;
				GCC_WARN_ABOUT_RETURN_TYPE = YES_ERROR;
				GCC_WARN_UNDECLARED_SELECTOR = YES;
				GCC_WARN_UNINITIALIZED_AUTOS = YES_AGGRESSIVE;
				GCC_WARN_UNUSED_FUNCTION = YES;
				GCC_WARN_UNUSED_VARIABLE = YES;
				IPHONEOS_DEPLOYMENT_TARGET = 16.0;
				MTL_ENABLE_DEBUG_INFO = NO;
				MTL_FAST_MATH = YES;
				SDKROOT = iphoneos;
				SWIFT_COMPILATION_MODE = wholemodule;
				SWIFT_OPTIMIZATION_LEVEL = "-O";
				VALIDATE_PRODUCT = YES;
			};
			name = Release;
		};
		CA08C0E228FEDC5D00B002C6 /* Debug */ = {
			isa = XCBuildConfiguration;
			buildSettings = {
				ASSETCATALOG_COMPILER_APPICON_NAME = AppIcon;
				ASSETCATALOG_COMPILER_GLOBAL_ACCENT_COLOR_NAME = AccentColor;
				CODE_SIGN_STYLE = Automatic;
				CURRENT_PROJECT_VERSION = 1;
				GENERATE_INFOPLIST_FILE = YES;
				INFOPLIST_FILE = MonalisaStoryboard/Info.plist;
				INFOPLIST_KEY_UIApplicationSupportsIndirectInputEvents = YES;
				INFOPLIST_KEY_UILaunchStoryboardName = LaunchScreen;
				INFOPLIST_KEY_UISupportedInterfaceOrientations_iPad = "UIInterfaceOrientationPortrait UIInterfaceOrientationPortraitUpsideDown UIInterfaceOrientationLandscapeLeft UIInterfaceOrientationLandscapeRight";
				INFOPLIST_KEY_UISupportedInterfaceOrientations_iPhone = "UIInterfaceOrientationPortrait UIInterfaceOrientationLandscapeLeft UIInterfaceOrientationLandscapeRight";
				LD_RUNPATH_SEARCH_PATHS = (
					"$(inherited)",
					"@executable_path/Frameworks",
				);
				MARKETING_VERSION = 1.0;
				PRODUCT_BUNDLE_IDENTIFIER = br.com.elimendes.MonalisaStoryboard;
				PRODUCT_NAME = "$(TARGET_NAME)";
				SWIFT_EMIT_LOC_STRINGS = YES;
				SWIFT_VERSION = 5.0;
				TARGETED_DEVICE_FAMILY = "1,2";
			};
			name = Debug;
		};
		CA08C0E328FEDC5D00B002C6 /* Release */ = {
			isa = XCBuildConfiguration;
			buildSettings = {
				ASSETCATALOG_COMPILER_APPICON_NAME = AppIcon;
				ASSETCATALOG_COMPILER_GLOBAL_ACCENT_COLOR_NAME = AccentColor;
				CODE_SIGN_STYLE = Automatic;
				CURRENT_PROJECT_VERSION = 1;
				GENERATE_INFOPLIST_FILE = YES;
				INFOPLIST_FILE = MonalisaStoryboard/Info.plist;
				INFOPLIST_KEY_UIApplicationSupportsIndirectInputEvents = YES;
				INFOPLIST_KEY_UILaunchStoryboardName = LaunchScreen;
				INFOPLIST_KEY_UISupportedInterfaceOrientations_iPad = "UIInterfaceOrientationPortrait UIInterfaceOrientationPortraitUpsideDown UIInterfaceOrientationLandscapeLeft UIInterfaceOrientationLandscapeRight";
				INFOPLIST_KEY_UISupportedInterfaceOrientations_iPhone = "UIInterfaceOrientationPortrait UIInterfaceOrientationLandscapeLeft UIInterfaceOrientationLandscapeRight";
				LD_RUNPATH_SEARCH_PATHS = (
					"$(inherited)",
					"@executable_path/Frameworks",
				);
				MARKETING_VERSION = 1.0;
				PRODUCT_BUNDLE_IDENTIFIER = br.com.elimendes.MonalisaStoryboard;
				PRODUCT_NAME = "$(TARGET_NAME)";
				SWIFT_EMIT_LOC_STRINGS = YES;
				SWIFT_VERSION = 5.0;
				TARGETED_DEVICE_FAMILY = "1,2";
			};
			name = Release;
		};
		CA08C0E528FEDC5D00B002C6 /* Debug */ = {
			isa = XCBuildConfiguration;
			buildSettings = {
				ALWAYS_EMBED_SWIFT_STANDARD_LIBRARIES = YES;
				BUNDLE_LOADER = "$(TEST_HOST)";
				CODE_SIGN_STYLE = Automatic;
				CURRENT_PROJECT_VERSION = 1;
				GENERATE_INFOPLIST_FILE = YES;
				IPHONEOS_DEPLOYMENT_TARGET = 16.0;
				MARKETING_VERSION = 1.0;
				PRODUCT_BUNDLE_IDENTIFIER = br.com.elimendes.MonalisaStoryboardTests;
				PRODUCT_NAME = "$(TARGET_NAME)";
				SWIFT_EMIT_LOC_STRINGS = NO;
				SWIFT_VERSION = 5.0;
				TARGETED_DEVICE_FAMILY = "1,2";
				TEST_HOST = "$(BUILT_PRODUCTS_DIR)/MonalisaStoryboard.app/$(BUNDLE_EXECUTABLE_FOLDER_PATH)/MonalisaStoryboard";
			};
			name = Debug;
		};
		CA08C0E628FEDC5D00B002C6 /* Release */ = {
			isa = XCBuildConfiguration;
			buildSettings = {
				ALWAYS_EMBED_SWIFT_STANDARD_LIBRARIES = YES;
				BUNDLE_LOADER = "$(TEST_HOST)";
				CODE_SIGN_STYLE = Automatic;
				CURRENT_PROJECT_VERSION = 1;
				GENERATE_INFOPLIST_FILE = YES;
				IPHONEOS_DEPLOYMENT_TARGET = 16.0;
				MARKETING_VERSION = 1.0;
				PRODUCT_BUNDLE_IDENTIFIER = br.com.elimendes.MonalisaStoryboardTests;
				PRODUCT_NAME = "$(TARGET_NAME)";
				SWIFT_EMIT_LOC_STRINGS = NO;
				SWIFT_VERSION = 5.0;
				TARGETED_DEVICE_FAMILY = "1,2";
				TEST_HOST = "$(BUILT_PRODUCTS_DIR)/MonalisaStoryboard.app/$(BUNDLE_EXECUTABLE_FOLDER_PATH)/MonalisaStoryboard";
			};
			name = Release;
		};
		CA08C0E828FEDC5D00B002C6 /* Debug */ = {
			isa = XCBuildConfiguration;
			buildSettings = {
				ALWAYS_EMBED_SWIFT_STANDARD_LIBRARIES = YES;
				CODE_SIGN_STYLE = Automatic;
				CURRENT_PROJECT_VERSION = 1;
				GENERATE_INFOPLIST_FILE = YES;
				MARKETING_VERSION = 1.0;
				PRODUCT_BUNDLE_IDENTIFIER = br.com.elimendes.MonalisaStoryboardUITests;
				PRODUCT_NAME = "$(TARGET_NAME)";
				SWIFT_EMIT_LOC_STRINGS = NO;
				SWIFT_VERSION = 5.0;
				TARGETED_DEVICE_FAMILY = "1,2";
				TEST_TARGET_NAME = MonalisaStoryboard;
			};
			name = Debug;
		};
		CA08C0E928FEDC5D00B002C6 /* Release */ = {
			isa = XCBuildConfiguration;
			buildSettings = {
				ALWAYS_EMBED_SWIFT_STANDARD_LIBRARIES = YES;
				CODE_SIGN_STYLE = Automatic;
				CURRENT_PROJECT_VERSION = 1;
				GENERATE_INFOPLIST_FILE = YES;
				MARKETING_VERSION = 1.0;
				PRODUCT_BUNDLE_IDENTIFIER = br.com.elimendes.MonalisaStoryboardUITests;
				PRODUCT_NAME = "$(TARGET_NAME)";
				SWIFT_EMIT_LOC_STRINGS = NO;
				SWIFT_VERSION = 5.0;
				TARGETED_DEVICE_FAMILY = "1,2";
				TEST_TARGET_NAME = MonalisaStoryboard;
			};
			name = Release;
		};
/* End XCBuildConfiguration section */

/* Begin XCConfigurationList section */
		CA08C0B228FEDC5B00B002C6 /* Build configuration list for PBXProject "MonalisaStoryboard" */ = {
			isa = XCConfigurationList;
			buildConfigurations = (
				CA08C0DF28FEDC5D00B002C6 /* Debug */,
				CA08C0E028FEDC5D00B002C6 /* Release */,
			);
			defaultConfigurationIsVisible = 0;
			defaultConfigurationName = Release;
		};
		CA08C0E128FEDC5D00B002C6 /* Build configuration list for PBXNativeTarget "MonalisaStoryboard" */ = {
			isa = XCConfigurationList;
			buildConfigurations = (
				CA08C0E228FEDC5D00B002C6 /* Debug */,
				CA08C0E328FEDC5D00B002C6 /* Release */,
			);
			defaultConfigurationIsVisible = 0;
			defaultConfigurationName = Release;
		};
		CA08C0E428FEDC5D00B002C6 /* Build configuration list for PBXNativeTarget "MonalisaStoryboardTests" */ = {
			isa = XCConfigurationList;
			buildConfigurations = (
				CA08C0E528FEDC5D00B002C6 /* Debug */,
				CA08C0E628FEDC5D00B002C6 /* Release */,
			);
			defaultConfigurationIsVisible = 0;
			defaultConfigurationName = Release;
		};
		CA08C0E728FEDC5D00B002C6 /* Build configuration list for PBXNativeTarget "MonalisaStoryboardUITests" */ = {
			isa = XCConfigurationList;
			buildConfigurations = (
				CA08C0E828FEDC5D00B002C6 /* Debug */,
				CA08C0E928FEDC5D00B002C6 /* Release */,
			);
			defaultConfigurationIsVisible = 0;
			defaultConfigurationName = Release;
		};
/* End XCConfigurationList section */
	};
	rootObject = CA08C0AF28FEDC5B00B002C6 /* Project object */;
}
